
Microsoft Visual Studio Solution File, Format Version 12.00
# Visual Studio Version 17
VisualStudioVersion = 17.8.34330.188
MinimumVisualStudioVersion = 10.0.40219.1
Project("{FAE04EC0-301F-11D3-BF4B-00C04F79EFBC}") = "RentasticBackEnd", "RentasticBackEnd\RentasticBackEnd.csproj", "{B84B6DAE-18D5-4CE6-9A4D-D82452695503}"
EndProject
Global
	GlobalSection(SolutionConfigurationPlatforms) = preSolution
		Debug|Any CPU = Debug|Any CPU
		Release|Any CPU = Release|Any CPU
	EndGlobalSection
	GlobalSection(ProjectConfigurationPlatforms) = postSolution
		{B84B6DAE-18D5-4CE6-9A4D-D82452695503}.Debug|Any CPU.ActiveCfg = Debug|Any CPU
		{B84B6DAE-18D5-4CE6-9A4D-D82452695503}.Debug|Any CPU.Build.0 = Debug|Any CPU
		{B84B6DAE-18D5-4CE6-9A4D-D82452695503}.Release|Any CPU.ActiveCfg = Release|Any CPU
		{B84B6DAE-18D5-4CE6-9A4D-D82452695503}.Release|Any CPU.Build.0 = Release|Any CPU
	EndGlobalSection
	GlobalSection(SolutionProperties) = preSolution
		HideSolutionNode = FALSE
	EndGlobalSection
	GlobalSection(ExtensibilityGlobals) = postSolution
		SolutionGuid = {4425BDBA-02FE-47E6-B1E6-260438DD33A9}
	EndGlobalSection
EndGlobal
